# This file is automatically @generated by Wally.
# It is not intended for manual editing.
registry = "test"

[[package]]
name = "backu/treefall"
version = "0.1.0"
dependencies = [["Animation", "dig1t/animation@1.0.8"], ["Badge", "dig1t/badge@1.0.8"], ["Cache", "dig1t/cache@1.0.10"], ["CamShake", "developercron/camerashake@0.2.0"], ["GamePass", "dig1t/gamepass@1.0.9"], ["Maid", "dig1t/maid@1.1.3"], ["Palette", "dig1t/palette@1.0.1"], ["ProfileDB", "dig1t/profiledb@1.0.10"], ["Promise", "dig1t/promise@1.1.3"], ["Ragdoll", "dig1t/ragdoll@1.0.4"], ["Replica", "dig1t/replica@1.0.15"], ["Signal", "dig1t/signal@1.0.3"], ["State", "dig1t/state@1.2.2"], ["Trash", "dig1t/trash@1.0.4"], ["Util", "dig1t/util@1.0.20"]]

[[package]]
name = "developercron/camerashake"
version = "0.2.0"
dependencies = []

[[package]]
name = "dig1t/animation"
version = "1.0.8"
dependencies = [["Maid", "dig1t/maid@1.1.3"], ["Promise", "dig1t/promise@1.1.3"], ["Util", "dig1t/util@1.0.20"]]

[[package]]
name = "dig1t/badge"
version = "1.0.8"
dependencies = [["Cache", "dig1t/cache@1.0.10"], ["Signal", "dig1t/signal@1.0.3"]]

[[package]]
name = "dig1t/cache"
version = "1.0.10"
dependencies = [["Maid", "dig1t/maid@1.1.3"], ["Util", "dig1t/util@1.0.20"]]

[[package]]
name = "dig1t/gamepass"
version = "1.0.9"
dependencies = [["Cache", "dig1t/cache@1.0.10"], ["Maid", "dig1t/maid@1.1.3"]]

[[package]]
name = "dig1t/maid"
version = "1.1.3"
dependencies = [["Util", "dig1t/util@1.0.20"]]

[[package]]
name = "dig1t/palette"
version = "1.0.1"
dependencies = []

[[package]]
name = "dig1t/profiledb"
version = "1.0.10"
dependencies = [["Maid", "dig1t/maid@1.1.3"], ["Signal", "dig1t/signal@1.0.3"], ["Util", "dig1t/util@1.0.20"]]

[[package]]
name = "dig1t/promise"
version = "1.1.3"
dependencies = []

[[package]]
name = "dig1t/ragdoll"
version = "1.0.4"
dependencies = [["Util", "dig1t/util@1.0.20"]]

[[package]]
name = "dig1t/replica"
version = "1.0.15"
dependencies = [["Maid", "dig1t/maid@1.1.3"], ["Signal", "dig1t/signal@1.0.3"], ["Util", "dig1t/util@1.0.20"], ["t", "osyrisrblx/t@3.1.1"]]

[[package]]
name = "dig1t/signal"
version = "1.0.3"
dependencies = [["Util", "dig1t/util@1.0.20"]]

[[package]]
name = "dig1t/state"
version = "1.2.2"
dependencies = [["Signal", "dig1t/signal@1.0.3"], ["Util", "dig1t/util@1.0.20"]]

[[package]]
name = "dig1t/trash"
version = "1.0.4"
dependencies = []

[[package]]
name = "dig1t/util"
version = "1.0.20"
dependencies = []

[[package]]
name = "osyrisrblx/t"
version = "3.1.1"
dependencies = []
